
Microsoft Visual Studio Solution File, Format Version 12.00
# Visual Studio 15
VisualStudioVersion = 15.0.27703.2035
MinimumVisualStudioVersion = 10.0.40219.1
Project("{FAE04EC0-301F-11D3-BF4B-00C04F79EFBC}") = "EFCoreThreeContextsSameDb", "ConsoleApp3\EFCoreThreeContextsSameDb.csproj", "{FDE78A96-7512-4038-9B54-39597F9A9E84}"
EndProject
Project("{2150E333-8FDC-42A3-9474-1A3956D46DE8}") = "Solution Items", "Solution Items", "{0BA6F3AC-EC78-4C9D-B3C5-EFED8420350D}"
	ProjectSection(SolutionItems) = preProject
		License.md = License.md
		Readme.md = Readme.md
	EndProjectSection
EndProject
Global
	GlobalSection(SolutionConfigurationPlatforms) = preSolution
		Debug|Any CPU = Debug|Any CPU
		Release|Any CPU = Release|Any CPU
	EndGlobalSection
	GlobalSection(ProjectConfigurationPlatforms) = postSolution
		{FDE78A96-7512-4038-9B54-39597F9A9E84}.Debug|Any CPU.ActiveCfg = Debug|Any CPU
		{FDE78A96-7512-4038-9B54-39597F9A9E84}.Debug|Any CPU.Build.0 = Debug|Any CPU
		{FDE78A96-7512-4038-9B54-39597F9A9E84}.Release|Any CPU.ActiveCfg = Release|Any CPU
		{FDE78A96-7512-4038-9B54-39597F9A9E84}.Release|Any CPU.Build.0 = Release|Any CPU
	EndGlobalSection
	GlobalSection(SolutionProperties) = preSolution
		HideSolutionNode = FALSE
	EndGlobalSection
	GlobalSection(ExtensibilityGlobals) = postSolution
		SolutionGuid = {EE09C0D4-87D6-45E3-AE80-EDD4A6962A80}
	EndGlobalSection
EndGlobal
